// !$*UTF8*$!
{
	archiveVersion = 1;
	classes = {
	};
	objectVersion = 46;
	objects = {

/* Begin PBXBuildFile section */
		199268DB1C32AB2C00624C16 /* AppDelegate.swift in Sources */ = {isa = PBXBuildFile; fileRef = 199268DA1C32AB2C00624C16 /* AppDelegate.swift */; };
		199268DD1C32AB2C00624C16 /* ViewController.swift in Sources */ = {isa = PBXBuildFile; fileRef = 199268DC1C32AB2C00624C16 /* ViewController.swift */; };
		199268E01C32AB2C00624C16 /* Main.storyboard in Resources */ = {isa = PBXBuildFile; fileRef = 199268DE1C32AB2C00624C16 /* Main.storyboard */; };
		199268E31C32AB2C00624C16 /* Maps.xcdatamodeld in Sources */ = {isa = PBXBuildFile; fileRef = 199268E11C32AB2C00624C16 /* Maps.xcdatamodeld */; };
		199268E51C32AB2C00624C16 /* Assets.xcassets in Resources */ = {isa = PBXBuildFile; fileRef = 199268E41C32AB2C00624C16 /* Assets.xcassets */; };
		199268E81C32AB2C00624C16 /* LaunchScreen.storyboard in Resources */ = {isa = PBXBuildFile; fileRef = 199268E61C32AB2C00624C16 /* LaunchScreen.storyboard */; };
		19EB67961C3355FB00B57C38 /* CoreLocation.framework in Frameworks */ = {isa = PBXBuildFile; fileRef = 19EB67951C3355FB00B57C38 /* CoreLocation.framework */; };
/* End PBXBuildFile section */

/* Begin PBXFileReference section */
		199268D71C32AB2C00624C16 /* Maps.app */ = {isa = PBXFileReference; explicitFileType = wrapper.application; includeInIndex = 0; path = Maps.app; sourceTree = BUILT_PRODUCTS_DIR; };
		199268DA1C32AB2C00624C16 /* AppDelegate.swift */ = {isa = PBXFileReference; lastKnownFileType = sourcecode.swift; path = AppDelegate.swift; sourceTree = "<group>"; };
		199268DC1C32AB2C00624C16 /* ViewController.swift */ = {isa = PBXFileReference; lastKnownFileType = sourcecode.swift; path = ViewController.swift; sourceTree = "<group>"; };
		199268DF1C32AB2C00624C16 /* Base */ = {isa = PBXFileReference; lastKnownFileType = file.storyboard; name = Base; path = Base.lproj/Main.storyboard; sourceTree = "<group>"; };
		199268E21C32AB2C00624C16 /* Maps.xcdatamodel */ = {isa = PBXFileReference; lastKnownFileType = wrapper.xcdatamodel; path = Maps.xcdatamodel; sourceTree = "<group>"; };
		199268E41C32AB2C00624C16 /* Assets.xcassets */ = {isa = PBXFileReference; lastKnownFileType = folder.assetcatalog; path = Assets.xcassets; sourceTree = "<group>"; };
		199268E71C32AB2C00624C16 /* Base */ = {isa = PBXFileReference; lastKnownFileType = file.storyboard; name = Base; path = Base.lproj/LaunchScreen.storyboard; sourceTree = "<group>"; };
		199268E91C32AB2C00624C16 /* Info.plist */ = {isa = PBXFileReference; lastKnownFileType = text.plist.xml; path = Info.plist; sourceTree = "<group>"; };
		19EB67951C3355FB00B57C38 /* CoreLocation.framework */ = {isa = PBXFileReference; lastKnownFileType = wrapper.framework; name = CoreLocation.framework; path = System/Library/Frameworks/CoreLocation.framework; sourceTree = SDKROOT; };
/* End PBXFileReference section */

/* Begin PBXFrameworksBuildPhase section */
		199268D41C32AB2C00624C16 /* Frameworks */ = {
			isa = PBXFrameworksBuildPhase;
			buildActionMask = 2147483647;
			files = (
				19EB67961C3355FB00B57C38 /* CoreLocation.framework in Frameworks */,
			);
			runOnlyForDeploymentPostprocessing = 0;
		};
/* End PBXFrameworksBuildPhase section */

/* Begin PBXGroup section */
		199268CE1C32AB2C00624C16 = {
			isa = PBXGroup;
			children = (
				19EB67951C3355FB00B57C38 /* CoreLocation.framework */,
				199268D91C32AB2C00624C16 /* Maps */,
				199268D81C32AB2C00624C16 /* Products */,
			);
			sourceTree = "<group>";
		};
		199268D81C32AB2C00624C16 /* Products */ = {
			isa = PBXGroup;
			children = (
				199268D71C32AB2C00624C16 /* Maps.app */,
			);
			name = Products;
			sourceTree = "<group>";
		};
		199268D91C32AB2C00624C16 /* Maps */ = {
			isa = PBXGroup;
			children = (
				199268DA1C32AB2C00624C16 /* AppDelegate.swift */,
				199268DC1C32AB2C00624C16 /* ViewController.swift */,
				199268DE1C32AB2C00624C16 /* Main.storyboard */,
				199268E41C32AB2C00624C16 /* Assets.xcassets */,
				199268E61C32AB2C00624C16 /* LaunchScreen.storyboard */,
				199268E91C32AB2C00624C16 /* Info.plist */,
				199268E11C32AB2C00624C16 /* Maps.xcdatamodeld */,
			);
			path = Maps;
			sourceTree = "<group>";
		};
/* End PBXGroup section */

/* Begin PBXNativeTarget section */
		199268D61C32AB2C00624C16 /* Maps */ = {
			isa = PBXNativeTarget;
			buildConfigurationList = 199268EC1C32AB2C00624C16 /* Build configuration list for PBXNativeTarget "Maps" */;
			buildPhases = (
				199268D31C32AB2C00624C16 /* Sources */,
				199268D41C32AB2C00624C16 /* Frameworks */,
				199268D51C32AB2C00624C16 /* Resources */,
			);
			buildRules = (
			);
			dependencies = (
			);
			name = Maps;
			productName = Maps;
			productReference = 199268D71C32AB2C00624C16 /* Maps.app */;
			productType = "com.apple.product-type.application";
		};
/* End PBXNativeTarget section */

/* Begin PBXProject section */
		199268CF1C32AB2C00624C16 /* Project object */ = {
			isa = PBXProject;
			attributes = {
				LastSwiftUpdateCheck = 0720;
				LastUpgradeCheck = 0720;
				ORGANIZATIONNAME = "X-Techs";
				TargetAttributes = {
					199268D61C32AB2C00624C16 = {
						CreatedOnToolsVersion = 7.2;
						DevelopmentTeam = 5SSF9BB58P;
						LastSwiftMigration = 0820;
						ProvisioningStyle = Automatic;
					};
				};
			};
			buildConfigurationList = 199268D21C32AB2C00624C16 /* Build configuration list for PBXProject "Maps" */;
			compatibilityVersion = "Xcode 3.2";
			developmentRegion = English;
			hasScannedForEncodings = 0;
			knownRegions = (
				en,
				Base,
			);
			mainGroup = 199268CE1C32AB2C00624C16;
			productRefGroup = 199268D81C32AB2C00624C16 /* Products */;
			projectDirPath = "";
			projectRoot = "";
			targets = (
				199268D61C32AB2C00624C16 /* Maps */,
			);
		};
/* End PBXProject section */

/* Begin PBXResourcesBuildPhase section */
		199268D51C32AB2C00624C16 /* Resources */ = {
			isa = PBXResourcesBuildPhase;
			buildActionMask = 2147483647;
			files = (
				199268E81C32AB2C00624C16 /* LaunchScreen.storyboard in Resources */,
				199268E51C32AB2C00624C16 /* Assets.xcassets in Resources */,
				199268E01C32AB2C00624C16 /* Main.storyboard in Resources */,
			);
			runOnlyForDeploymentPostprocessing = 0;
		};
/* End PBXResourcesBuildPhase section */

/* Begin PBXSourcesBuildPhase section */
		199268D31C32AB2C00624C16 /* Sources */ = {
			isa = PBXSourcesBuildPhase;
			buildActionMask = 2147483647;
			files = (
				199268E31C32AB2C00624C16 /* Maps.xcdatamodeld in Sources */,
				199268DD1C32AB2C00624C16 /* ViewController.swift in Sources */,
				199268DB1C32AB2C00624C16 /* AppDelegate.swift in Sources */,
			);
			runOnlyForDeploymentPostprocessing = 0;
		};
/* End PBXSourcesBuildPhase section */

/* Begin PBXVariantGroup section */
		199268DE1C32AB2C00624C16 /* Main.storyboard */ = {
			isa = PBXVariantGroup;
			children = (
				199268DF1C32AB2C00624C16 /* Base */,
			);
			name = Main.storyboard;
			sourceTree = "<group>";
		};
		199268E61C32AB2C00624C16 /* LaunchScreen.storyboard */ = {
			isa = PBXVariantGroup;
			children = (
				199268E71C32AB2C00624C16 /* Base */,
			);
			name = LaunchScreen.storyboard;
			sourceTree = "<group>";
		};
/* End PBXVariantGroup section */

/* Begin XCBuildConfiguration section */
		199268EA1C32AB2C00624C16 /* Debug */ = {
			isa = XCBuildConfiguration;
			buildSettings = {
				ALWAYS_SEARCH_USER_PATHS = NO;
				CLANG_CXX_LANGUAGE_STANDARD = "gnu++0x";
				CLANG_CXX_LIBRARY = "libc++";
				CLANG_ENABLE_MODULES = YES;
				CLANG_ENABLE_OBJC_ARC = YES;
				CLANG_WARN_BOOL_CONVERSION = YES;
				CLANG_WARN_CONSTANT_CONVERSION = YES;
				CLANG_WARN_DIRECT_OBJC_ISA_USAGE = YES_ERROR;
				CLANG_WARN_EMPTY_BODY = YES;
				CLANG_WARN_ENUM_CONVERSION = YES;
				CLANG_WARN_INT_CONVERSION = YES;
				CLANG_WARN_OBJC_ROOT_CLASS = YES_ERROR;
				CLANG_WARN_UNREACHABLE_CODE = YES;
				CLANG_WARN__DUPLICATE_METHOD_MATCH = YES;
				"CODE_SIGN_IDENTITY[sdk=iphoneos*]" = "iPhone Developer";
				COPY_PHASE_STRIP = NO;
				DEBUG_INFORMATION_FORMAT = dwarf;
				ENABLE_STRICT_OBJC_MSGSEND = YES;
				ENABLE_TESTABILITY = YES;
				GCC_C_LANGUAGE_STANDARD = gnu99;
				GCC_DYNAMIC_NO_PIC = NO;
				GCC_NO_COMMON_BLOCKS = YES;
				GCC_OPTIMIZATION_LEVEL = 0;
				GCC_PREPROCESSOR_DEFINITIONS = (
					"DEBUG=1",
					"$(inherited)",
				);
				GCC_WARN_64_TO_32_BIT_CONVERSION = YES;
				GCC_WARN_ABOUT_RETURN_TYPE = YES_ERROR;
				GCC_WARN_UNDECLARED_SELECTOR = YES;
				GCC_WARN_UNINITIALIZED_AUTOS = YES_AGGRESSIVE;
				GCC_WARN_UNUSED_FUNCTION = YES;
				GCC_WARN_UNUSED_VARIABLE = YES;
				IPHONEOS_DEPLOYMENT_TARGET = 9.2;
				MTL_ENABLE_DEBUG_INFO = YES;
				ONLY_ACTIVE_ARCH = YES;
				SDKROOT = iphoneos;
				SWIFT_OPTIMIZATION_LEVEL = "-Onone";
				TARGETED_DEVICE_FAMILY = "1,2";
			};
			name = Debug;
		};
		199268EB1C32AB2C00624C16 /* Release */ = {
			isa = XCBuildConfiguration;
			buildSettings = {
				ALWAYS_SEARCH_USER_PATHS = NO;
				CLANG_CXX_LANGUAGE_STANDARD = "gnu++0x";
				CLANG_CXX_LIBRARY = "libc++";
				CLANG_ENABLE_MODULES = YES;
				CLANG_ENABLE_OBJC_ARC = YES;
				CLANG_WARN_BOOL_CONVERSION = YES;
				CLANG_WARN_CONSTANT_CONVERSION = YES;
				CLANG_WARN_DIRECT_OBJC_ISA_USAGE = YES_ERROR;
				CLANG_WARN_EMPTY_BODY = YES;
				CLANG_WARN_ENUM_CONVERSION = YES;
				CLANG_WARN_INT_CONVERSION = YES;
				CLANG_WARN_OBJC_ROOT_CLASS = YES_ERROR;
				CLANG_WARN_UNREACHABLE_CODE = YES;
				CLANG_WARN__DUPLICATE_METHOD_MATCH = YES;
				"CODE_SIGN_IDENTITY[sdk=iphoneos*]" = "iPhone Developer";
				COPY_PHASE_STRIP = NO;
				DEBUG_INFORMATION_FORMAT = "dwarf-with-dsym";
				ENABLE_NS_ASSERTIONS = NO;
				ENABLE_STRICT_OBJC_MSGSEND = YES;
				GCC_C_LANGUAGE_STANDARD = gnu99;
				GCC_NO_COMMON_BLOCKS = YES;
				GCC_WARN_64_TO_32_BIT_CONVERSION = YES;
				GCC_WARN_ABOUT_RETURN_TYPE = YES_ERROR;
				GCC_WARN_UNDECLARED_SELECTOR = YES;
				GCC_WARN_UNINITIALIZED_AUTOS = YES_AGGRESSIVE;
				GCC_WARN_UNUSED_FUNCTION = YES;
				GCC_WARN_UNUSED_VARIABLE = YES;
				IPHONEOS_DEPLOYMENT_TARGET = 9.2;
				MTL_ENABLE_DEBUG_INFO = NO;
				SDKROOT = iphoneos;
				TARGETED_DEVICE_FAMILY = "1,2";
				VALIDATE_PRODUCT = YES;
			};
			name = Release;
		};
		199268ED1C32AB2C00624C16 /* Debug */ = {
			isa = XCBuildConfiguration;
			buildSettings = {
				ASSETCATALOG_COMPILER_APPICON_NAME = AppIcon;
				CODE_SIGN_IDENTITY = "iPhone Developer";
				"CODE_SIGN_IDENTITY[sdk=iphoneos*]" = "iPhone Developer";
				DEVELOPMENT_TEAM = 5SSF9BB58P;
				INFOPLIST_FILE = Maps/Info.plist;
				LD_RUNPATH_SEARCH_PATHS = "$(inherited) @executable_path/Frameworks";
				PRODUCT_BUNDLE_IDENTIFIER = com.Rana.Maps;
				PRODUCT_NAME = "$(TARGET_NAME)";
				PROVISIONING_PROFILE = "";
				SWIFT_VERSION = 3.0;
			};
			name = Debug;
		};
		199268EE1C32AB2C00624C16 /* Release */ = {
			isa = XCBuildConfiguration;
			buildSettings = {
				ASSETCATALOG_COMPILER_APPICON_NAME = AppIcon;
				CODE_SIGN_IDENTITY = "iPhone Developer";
				"CODE_SIGN_IDENTITY[sdk=iphoneos*]" = "iPhone Developer";
				DEVELOPMENT_TEAM = 5SSF9BB58P;
				INFOPLIST_FILE = Maps/Info.plist;
				LD_RUNPATH_SEARCH_PATHS = "$(inherited) @executable_path/Frameworks";
				PRODUCT_BUNDLE_IDENTIFIER = com.Rana.Maps;
				PRODUCT_NAME = "$(TARGET_NAME)";
				PROVISIONING_PROFILE = "";
				SWIFT_VERSION = 3.0;
			};
			name = Release;
		};
/* End XCBuildConfiguration section */

/* Begin XCConfigurationList section */
		199268D21C32AB2C00624C16 /* Build configuration list for PBXProject "Maps" */ = {
			isa = XCConfigurationList;
			buildConfigurations = (
				199268EA1C32AB2C00624C16 /* Debug */,
				199268EB1C32AB2C00624C16 /* Release */,
			);
			defaultConfigurationIsVisible = 0;
			defaultConfigurationName = Release;
		};
		199268EC1C32AB2C00624C16 /* Build configuration list for PBXNativeTarget "Maps" */ = {
			isa = XCConfigurationList;
			buildConfigurations = (
				199268ED1C32AB2C00624C16 /* Debug */,
				199268EE1C32AB2C00624C16 /* Release */,
			);
			defaultConfigurationIsVisible = 0;
			defaultConfigurationName = Release;
		};
/* End XCConfigurationList section */

/* Begin XCVersionGroup section */
		199268E11C32AB2C00624C16 /* Maps.xcdatamodeld */ = {
			isa = XCVersionGroup;
			children = (
				199268E21C32AB2C00624C16 /* Maps.xcdatamodel */,
			);
			currentVersion = 199268E21C32AB2C00624C16 /* Maps.xcdatamodel */;
			path = Maps.xcdatamodeld;
			sourceTree = "<group>";
			versionGroupType = wrapper.xcdatamodel;
		};
/* End XCVersionGroup section */
	};
	rootObject = 199268CF1C32AB2C00624C16 /* Project object */;
}
